{
  "name": "number-extractor",
  "lockfileVersion": 3,
  "requires": true,
  "packages": {
    "": {
      "dependencies": {
        "is-number": "github:ilyasa1211/is-number"
      },
      "devDependencies": {
        "typescript": "^5.4.4"
      }
    },
    "node_modules/is-number": {
      "version": "1.0.0",
      "resolved": "git+ssh://git@github.com/ilyasa1211/is-number.git#4516d327bd513e34fae8b8e6467ab4b8dd7d7e4c",
      "license": "ISC"
    },
    "node_modules/typescript": {
      "version": "5.4.4",
      "resolved": "https://registry.npmjs.org/typescript/-/typescript-5.4.4.tgz",
      "integrity": "sha512-dGE2Vv8cpVvw28v8HCPqyb08EzbBURxDpuhJvTrusShUfGnhHBafDsLdS1EhhxyL6BJQE+2cT3dDPAv+MQ6oLw==",
      "dev": true,
      "bin": {
        "tsc": "bin/tsc",
        "tsserver": "bin/tsserver"
      },
      "engines": {
        "node": ">=14.17"
      }
    }
  }
}
